{
  "nodes": {
    "devshell": {
      "inputs": {
        "flake-utils": [
          "flake-utils"
        ],
        "nixpkgs": [
          "nixpkgs"
        ]
      },
      "locked": {
        "lastModified": 1650900878,
        "narHash": "sha256-qhNncMBSa9STnhiLfELEQpYC1L4GrYHNIzyCZ/pilsI=",
        "owner": "numtide",
        "repo": "devshell",
        "rev": "d97df53b5ddaa1cfbea7cddbd207eb2634304733",
        "type": "github"
      },
      "original": {
        "owner": "numtide",
        "repo": "devshell",
        "type": "github"
      }
    },
    "devshell-files": {
      "inputs": {
        "devshell": [
          "devshell"
        ],
        "flake-utils": [
          "flake-utils"
        ],
        "nixpkgs": [
          "nixpkgs"
        ]
      },
      "locked": {
        "lastModified": 1652316931,
        "narHash": "sha256-IUjTSDh/I+U7/BDjHhvXnc+28m6C3cOv1tPLpir/oS0=",
        "owner": "SnO2WMaN",
        "repo": "devshell-files",
        "rev": "a4a22dcd136639f840d81b1e1ddd2f97dc211db8",
        "type": "github"
      },
      "original": {
        "owner": "SnO2WMaN",
        "ref": "output-modules",
        "repo": "devshell-files",
        "type": "github"
      }
    },
    "flake-utils": {
      "locked": {
        "lastModified": 1649676176,
        "narHash": "sha256-OWKJratjt2RW151VUlJPRALb7OU2S5s+f0vLj4o1bHM=",
        "owner": "numtide",
        "repo": "flake-utils",
        "rev": "a4b154ebbdc88c8498a5c7b01589addc9e9cb678",
        "type": "github"
      },
      "original": {
        "owner": "numtide",
        "repo": "flake-utils",
        "type": "github"
      }
    },
    "nixpkgs": {
      "locked": {
        "lastModified": 1652231724,
        "narHash": "sha256-MjalcXFZgcgchp4QqnF05JTkFBBGad5hbksA1EKoP98=",
        "owner": "NixOS",
        "repo": "nixpkgs",
        "rev": "41ff747f882914c1f8c233207ce280ac9d0c867f",
        "type": "github"
      },
      "original": {
        "owner": "NixOS",
        "ref": "nixos-unstable",
        "repo": "nixpkgs",
        "type": "github"
      }
    },
    "root": {
      "inputs": {
        "devshell": "devshell",
        "devshell-files": "devshell-files",
        "flake-utils": "flake-utils",
        "nixpkgs": "nixpkgs",
        "rust-tools": "rust-tools"
      }
    },
    "rust-tools": {
      "inputs": {
        "nixpkgs": [
          "nixpkgs"
        ]
      },
      "locked": {
        "lastModified": 1652318252,
        "narHash": "sha256-oWOhm+OV4ogZnPSe9ZYIUGAHXGRsaisJaGcAv70IGzw=",
        "owner": "SnO2WMaN",
        "repo": "rust-tools-overlay",
        "rev": "8b2a51aeaa8725d5d36b86f3630bcbf22c04516a",
        "type": "github"
      },
      "original": {
        "owner": "SnO2WMaN",
        "repo": "rust-tools-overlay",
        "type": "github"
      }
    }
  },
  "root": "root",
  "version": 7
}
