{
  "nodes": {
    "devshell": {
      "inputs": {
        "flake-utils": [
          "flake-utils"
        ],
        "nixpkgs": [
          "nixpkgs"
        ]
      },
      "locked": {
        "lastModified": 1650900878,
        "narHash": "sha256-qhNncMBSa9STnhiLfELEQpYC1L4GrYHNIzyCZ/pilsI=",
        "owner": "numtide",
        "repo": "devshell",
        "rev": "d97df53b5ddaa1cfbea7cddbd207eb2634304733",
        "type": "github"
      },
      "original": {
        "owner": "numtide",
        "repo": "devshell",
        "type": "github"
      }
    },
    "devshell-files": {
      "inputs": {
        "devshell": [
          "devshell"
        ],
        "flake-utils": [
          "flake-utils"
        ],
        "nixpkgs": [
          "nixpkgs"
        ]
      },
      "locked": {
        "lastModified": 1652315302,
        "narHash": "sha256-CNFzJR7Qmk6fG0SdOT/svm2OlzUnXqDVp1pcQ7Mbw+8=",
        "owner": "SnO2WMaN",
        "repo": "devshell-files",
        "rev": "e0dd0650a32881ce75bb154abd9babfc958bd487",
        "type": "github"
      },
      "original": {
        "owner": "SnO2WMaN",
        "ref": "output-modules",
        "repo": "devshell-files",
        "type": "github"
      }
    },
    "flake-utils": {
      "locked": {
        "lastModified": 1649676176,
        "narHash": "sha256-OWKJratjt2RW151VUlJPRALb7OU2S5s+f0vLj4o1bHM=",
        "owner": "numtide",
        "repo": "flake-utils",
        "rev": "a4b154ebbdc88c8498a5c7b01589addc9e9cb678",
        "type": "github"
      },
      "original": {
        "owner": "numtide",
        "repo": "flake-utils",
        "type": "github"
      }
    },
    "nixpkgs": {
      "locked": {
        "lastModified": 1652231724,
        "narHash": "sha256-MjalcXFZgcgchp4QqnF05JTkFBBGad5hbksA1EKoP98=",
        "owner": "NixOS",
        "repo": "nixpkgs",
        "rev": "41ff747f882914c1f8c233207ce280ac9d0c867f",
        "type": "github"
      },
      "original": {
        "owner": "NixOS",
        "ref": "nixos-unstable",
        "repo": "nixpkgs",
        "type": "github"
      }
    },
    "root": {
      "inputs": {
        "devshell": "devshell",
        "devshell-files": "devshell-files",
        "flake-utils": "flake-utils",
        "nixpkgs": "nixpkgs",
        "rust-tools": "rust-tools"
      }
    },
    "rust-tools": {
      "inputs": {
        "nixpkgs": [
          "nixpkgs"
        ]
      },
      "locked": {
        "lastModified": 1,
        "narHash": "sha256-XwZdh+jAfzCbTMH9cRCCy32C+iJ1shJ9u/fPANpxiYw=",
        "path": "./flakes/rust-tools",
        "type": "path"
      },
      "original": {
        "path": "./flakes/rust-tools",
        "type": "path"
      }
    }
  },
  "root": "root",
  "version": 7
}
